// !$*UTF8*$!
{
	archiveVersion = 1;
	classes = {
	};
	objectVersion = 50;
	objects = {

/* Begin PBXBuildFile section */
		6B5C7F6821477BFB00386D2C /* AppDelegate.swift in Sources */ = {isa = PBXBuildFile; fileRef = 6B5C7F6721477BFB00386D2C /* AppDelegate.swift */; };
		6B5C7F6D21477BFB00386D2C /* Main.storyboard in Resources */ = {isa = PBXBuildFile; fileRef = 6B5C7F6B21477BFB00386D2C /* Main.storyboard */; };
		6B5C7F6F21477BFC00386D2C /* Assets.xcassets in Resources */ = {isa = PBXBuildFile; fileRef = 6B5C7F6E21477BFC00386D2C /* Assets.xcassets */; };
		6B5C7F7221477BFC00386D2C /* LaunchScreen.storyboard in Resources */ = {isa = PBXBuildFile; fileRef = 6B5C7F7021477BFC00386D2C /* LaunchScreen.storyboard */; };
		6BFCC3F62147A8FD00B11FD0 /* ListViewController.swift in Sources */ = {isa = PBXBuildFile; fileRef = 6BFCC3F52147A8FD00B11FD0 /* ListViewController.swift */; };
		6BFCC3F82147A98400B11FD0 /* DetailsViewController.swift in Sources */ = {isa = PBXBuildFile; fileRef = 6BFCC3F72147A98400B11FD0 /* DetailsViewController.swift */; };
		6BFCC3FA2147AC9A00B11FD0 /* GithubRepoOwner.swift in Sources */ = {isa = PBXBuildFile; fileRef = 6BFCC3F92147AC9A00B11FD0 /* GithubRepoOwner.swift */; };
		6BFCC3FC2147AE2500B11FD0 /* GithubRepository.swift in Sources */ = {isa = PBXBuildFile; fileRef = 6BFCC3FB2147AE2500B11FD0 /* GithubRepository.swift */; };
		6BFCC3FE2147AFC500B11FD0 /* APIService.swift in Sources */ = {isa = PBXBuildFile; fileRef = 6BFCC3FD2147AFC500B11FD0 /* APIService.swift */; };
		6BFCC4012147BD1F00B11FD0 /* RepoTableViewCell.swift in Sources */ = {isa = PBXBuildFile; fileRef = 6BFCC3FF2147BD1F00B11FD0 /* RepoTableViewCell.swift */; };
		6BFCC4022147BD1F00B11FD0 /* RepoTableViewCell.xib in Resources */ = {isa = PBXBuildFile; fileRef = 6BFCC4002147BD1F00B11FD0 /* RepoTableViewCell.xib */; };
		6BFCC4062147C47700B11FD0 /* UIView+extensions.swift in Sources */ = {isa = PBXBuildFile; fileRef = 6BFCC4052147C47700B11FD0 /* UIView+extensions.swift */; };
		6BFCC4082147C7C200B11FD0 /* RepoViewModel.swift in Sources */ = {isa = PBXBuildFile; fileRef = 6BFCC4072147C7C200B11FD0 /* RepoViewModel.swift */; };
		6BFCC40A2147D45900B11FD0 /* Repository.swift in Sources */ = {isa = PBXBuildFile; fileRef = 6BFCC4092147D45900B11FD0 /* Repository.swift */; };
		6BFCC40C2147D4E400B11FD0 /* Enums.swift in Sources */ = {isa = PBXBuildFile; fileRef = 6BFCC40B2147D4E400B11FD0 /* Enums.swift */; };
		6BFCC40E2147D60100B11FD0 /* DataService.swift in Sources */ = {isa = PBXBuildFile; fileRef = 6BFCC40D2147D60100B11FD0 /* DataService.swift */; };
		6BFCC4102147E52200B11FD0 /* Colours.xcassets in Resources */ = {isa = PBXBuildFile; fileRef = 6BFCC40F2147E52200B11FD0 /* Colours.xcassets */; };
		E3873467E918E4F4B6D53C80 /* Pods_Apzumi.framework in Frameworks */ = {isa = PBXBuildFile; fileRef = 28F88852B840FCE38532FC5D /* Pods_Apzumi.framework */; };
/* End PBXBuildFile section */

/* Begin PBXFileReference section */
		1A7656395C21E2F35AFE7D01 /* Pods-Apzumi.release.xcconfig */ = {isa = PBXFileReference; includeInIndex = 1; lastKnownFileType = text.xcconfig; name = "Pods-Apzumi.release.xcconfig"; path = "Pods/Target Support Files/Pods-Apzumi/Pods-Apzumi.release.xcconfig"; sourceTree = "<group>"; };
		28F88852B840FCE38532FC5D /* Pods_Apzumi.framework */ = {isa = PBXFileReference; explicitFileType = wrapper.framework; includeInIndex = 0; path = Pods_Apzumi.framework; sourceTree = BUILT_PRODUCTS_DIR; };
		6B5C7F6421477BFB00386D2C /* Apzumi.app */ = {isa = PBXFileReference; explicitFileType = wrapper.application; includeInIndex = 0; path = Apzumi.app; sourceTree = BUILT_PRODUCTS_DIR; };
		6B5C7F6721477BFB00386D2C /* AppDelegate.swift */ = {isa = PBXFileReference; lastKnownFileType = sourcecode.swift; path = AppDelegate.swift; sourceTree = "<group>"; };
		6B5C7F6C21477BFB00386D2C /* Base */ = {isa = PBXFileReference; lastKnownFileType = file.storyboard; name = Base; path = Base.lproj/Main.storyboard; sourceTree = "<group>"; };
		6B5C7F6E21477BFC00386D2C /* Assets.xcassets */ = {isa = PBXFileReference; lastKnownFileType = folder.assetcatalog; path = Assets.xcassets; sourceTree = "<group>"; };
		6B5C7F7121477BFC00386D2C /* Base */ = {isa = PBXFileReference; lastKnownFileType = file.storyboard; name = Base; path = Base.lproj/LaunchScreen.storyboard; sourceTree = "<group>"; };
		6B5C7F7321477BFC00386D2C /* Info.plist */ = {isa = PBXFileReference; lastKnownFileType = text.plist.xml; path = Info.plist; sourceTree = "<group>"; };
		6BFCC3F52147A8FD00B11FD0 /* ListViewController.swift */ = {isa = PBXFileReference; lastKnownFileType = sourcecode.swift; path = ListViewController.swift; sourceTree = "<group>"; };
		6BFCC3F72147A98400B11FD0 /* DetailsViewController.swift */ = {isa = PBXFileReference; lastKnownFileType = sourcecode.swift; path = DetailsViewController.swift; sourceTree = "<group>"; };
		6BFCC3F92147AC9A00B11FD0 /* GithubRepoOwner.swift */ = {isa = PBXFileReference; lastKnownFileType = sourcecode.swift; path = GithubRepoOwner.swift; sourceTree = "<group>"; };
		6BFCC3FB2147AE2500B11FD0 /* GithubRepository.swift */ = {isa = PBXFileReference; lastKnownFileType = sourcecode.swift; path = GithubRepository.swift; sourceTree = "<group>"; };
		6BFCC3FD2147AFC500B11FD0 /* APIService.swift */ = {isa = PBXFileReference; lastKnownFileType = sourcecode.swift; path = APIService.swift; sourceTree = "<group>"; };
		6BFCC3FF2147BD1F00B11FD0 /* RepoTableViewCell.swift */ = {isa = PBXFileReference; lastKnownFileType = sourcecode.swift; path = RepoTableViewCell.swift; sourceTree = "<group>"; };
		6BFCC4002147BD1F00B11FD0 /* RepoTableViewCell.xib */ = {isa = PBXFileReference; lastKnownFileType = file.xib; path = RepoTableViewCell.xib; sourceTree = "<group>"; };
		6BFCC4052147C47700B11FD0 /* UIView+extensions.swift */ = {isa = PBXFileReference; lastKnownFileType = sourcecode.swift; path = "UIView+extensions.swift"; sourceTree = "<group>"; };
		6BFCC4072147C7C200B11FD0 /* RepoViewModel.swift */ = {isa = PBXFileReference; lastKnownFileType = sourcecode.swift; path = RepoViewModel.swift; sourceTree = "<group>"; };
		6BFCC4092147D45900B11FD0 /* Repository.swift */ = {isa = PBXFileReference; lastKnownFileType = sourcecode.swift; path = Repository.swift; sourceTree = "<group>"; };
		6BFCC40B2147D4E400B11FD0 /* Enums.swift */ = {isa = PBXFileReference; lastKnownFileType = sourcecode.swift; path = Enums.swift; sourceTree = "<group>"; };
		6BFCC40D2147D60100B11FD0 /* DataService.swift */ = {isa = PBXFileReference; lastKnownFileType = sourcecode.swift; path = DataService.swift; sourceTree = "<group>"; };
		6BFCC40F2147E52200B11FD0 /* Colours.xcassets */ = {isa = PBXFileReference; lastKnownFileType = folder.assetcatalog; path = Colours.xcassets; sourceTree = "<group>"; };
		D58CB075B0DC419A4A2E47B9 /* Pods-Apzumi.debug.xcconfig */ = {isa = PBXFileReference; includeInIndex = 1; lastKnownFileType = text.xcconfig; name = "Pods-Apzumi.debug.xcconfig"; path = "Pods/Target Support Files/Pods-Apzumi/Pods-Apzumi.debug.xcconfig"; sourceTree = "<group>"; };
/* End PBXFileReference section */

/* Begin PBXFrameworksBuildPhase section */
		6B5C7F6121477BFB00386D2C /* Frameworks */ = {
			isa = PBXFrameworksBuildPhase;
			buildActionMask = 2147483647;
			files = (
				E3873467E918E4F4B6D53C80 /* Pods_Apzumi.framework in Frameworks */,
			);
			runOnlyForDeploymentPostprocessing = 0;
		};
/* End PBXFrameworksBuildPhase section */

/* Begin PBXGroup section */
		6B5C7F5B21477BFB00386D2C = {
			isa = PBXGroup;
			children = (
				6B5C7F6621477BFB00386D2C /* Apzumi */,
				6B5C7F6521477BFB00386D2C /* Products */,
				FA08097A82AF4A2A4F924572 /* Pods */,
				B33736D2C150A3ACA98A7D4D /* Frameworks */,
			);
			sourceTree = "<group>";
		};
		6B5C7F6521477BFB00386D2C /* Products */ = {
			isa = PBXGroup;
			children = (
				6B5C7F6421477BFB00386D2C /* Apzumi.app */,
			);
			name = Products;
			sourceTree = "<group>";
		};
		6B5C7F6621477BFB00386D2C /* Apzumi */ = {
			isa = PBXGroup;
			children = (
				6BFCC3EB2147A3C100B11FD0 /* Model */,
				6BFCC3EC2147A3E700B11FD0 /* ViewModel */,
				6BFCC3ED2147A3F600B11FD0 /* View */,
				6BFCC3EE2147A41200B11FD0 /* ViewControllers */,
				6B5C7F6721477BFB00386D2C /* AppDelegate.swift */,
				6B5C7F6B21477BFB00386D2C /* Main.storyboard */,
				6BFCC3EF2147A43400B11FD0 /* Other */,
				6B5C7F6E21477BFC00386D2C /* Assets.xcassets */,
				6BFCC40F2147E52200B11FD0 /* Colours.xcassets */,
				6B5C7F7021477BFC00386D2C /* LaunchScreen.storyboard */,
				6B5C7F7321477BFC00386D2C /* Info.plist */,
			);
			path = Apzumi;
			sourceTree = "<group>";
		};
		6BFCC3EB2147A3C100B11FD0 /* Model */ = {
			isa = PBXGroup;
			children = (
				6BFCC3F92147AC9A00B11FD0 /* GithubRepoOwner.swift */,
				6BFCC3FB2147AE2500B11FD0 /* GithubRepository.swift */,
				6BFCC4092147D45900B11FD0 /* Repository.swift */,
			);
			path = Model;
			sourceTree = "<group>";
		};
		6BFCC3EC2147A3E700B11FD0 /* ViewModel */ = {
			isa = PBXGroup;
			children = (
				6BFCC4072147C7C200B11FD0 /* RepoViewModel.swift */,
			);
			path = ViewModel;
			sourceTree = "<group>";
		};
		6BFCC3ED2147A3F600B11FD0 /* View */ = {
			isa = PBXGroup;
			children = (
				6BFCC4002147BD1F00B11FD0 /* RepoTableViewCell.xib */,
				6BFCC3FF2147BD1F00B11FD0 /* RepoTableViewCell.swift */,
			);
			path = View;
			sourceTree = "<group>";
		};
		6BFCC3EE2147A41200B11FD0 /* ViewControllers */ = {
			isa = PBXGroup;
			children = (
				6BFCC3F52147A8FD00B11FD0 /* ListViewController.swift */,
				6BFCC3F72147A98400B11FD0 /* DetailsViewController.swift */,
			);
			path = ViewControllers;
			sourceTree = "<group>";
		};
		6BFCC3EF2147A43400B11FD0 /* Other */ = {
			isa = PBXGroup;
			children = (
				6BFCC3F22147A4CB00B11FD0 /* Services */,
				6BFCC3F12147A47300B11FD0 /* Extensions */,
				6BFCC3F02147A46600B11FD0 /* Helpers */,
			);
			path = Other;
			sourceTree = "<group>";
		};
		6BFCC3F02147A46600B11FD0 /* Helpers */ = {
			isa = PBXGroup;
			children = (
				6BFCC40B2147D4E400B11FD0 /* Enums.swift */,
			);
			path = Helpers;
			sourceTree = "<group>";
		};
		6BFCC3F12147A47300B11FD0 /* Extensions */ = {
			isa = PBXGroup;
			children = (
				6BFCC4052147C47700B11FD0 /* UIView+extensions.swift */,
			);
			path = Extensions;
			sourceTree = "<group>";
		};
		6BFCC3F22147A4CB00B11FD0 /* Services */ = {
			isa = PBXGroup;
			children = (
				6BFCC40D2147D60100B11FD0 /* DataService.swift */,
				6BFCC3FD2147AFC500B11FD0 /* APIService.swift */,
			);
			path = Services;
			sourceTree = "<group>";
		};
		B33736D2C150A3ACA98A7D4D /* Frameworks */ = {
			isa = PBXGroup;
			children = (
				28F88852B840FCE38532FC5D /* Pods_Apzumi.framework */,
			);
			name = Frameworks;
			sourceTree = "<group>";
		};
		FA08097A82AF4A2A4F924572 /* Pods */ = {
			isa = PBXGroup;
			children = (
				D58CB075B0DC419A4A2E47B9 /* Pods-Apzumi.debug.xcconfig */,
				1A7656395C21E2F35AFE7D01 /* Pods-Apzumi.release.xcconfig */,
			);
			name = Pods;
			sourceTree = "<group>";
		};
/* End PBXGroup section */

/* Begin PBXNativeTarget section */
		6B5C7F6321477BFB00386D2C /* Apzumi */ = {
			isa = PBXNativeTarget;
			buildConfigurationList = 6B5C7F7621477BFC00386D2C /* Build configuration list for PBXNativeTarget "Apzumi" */;
			buildPhases = (
				CD0219A49DABF78D5C8E1326 /* [CP] Check Pods Manifest.lock */,
				6B5C7F6021477BFB00386D2C /* Sources */,
				6B5C7F6121477BFB00386D2C /* Frameworks */,
				6B5C7F6221477BFB00386D2C /* Resources */,
				A0849E7F620F8B734B00C266 /* [CP] Embed Pods Frameworks */,
			);
			buildRules = (
			);
			dependencies = (
			);
			name = Apzumi;
			productName = Apzumi;
			productReference = 6B5C7F6421477BFB00386D2C /* Apzumi.app */;
			productType = "com.apple.product-type.application";
		};
/* End PBXNativeTarget section */

/* Begin PBXProject section */
		6B5C7F5C21477BFB00386D2C /* Project object */ = {
			isa = PBXProject;
			attributes = {
				LastSwiftUpdateCheck = 0940;
				LastUpgradeCheck = 0940;
				ORGANIZATIONNAME = "Krzysztof Lech";
				TargetAttributes = {
					6B5C7F6321477BFB00386D2C = {
						CreatedOnToolsVersion = 9.4.1;
					};
				};
			};
			buildConfigurationList = 6B5C7F5F21477BFB00386D2C /* Build configuration list for PBXProject "Apzumi" */;
			compatibilityVersion = "Xcode 9.3";
			developmentRegion = en;
			hasScannedForEncodings = 0;
			knownRegions = (
				en,
				Base,
			);
			mainGroup = 6B5C7F5B21477BFB00386D2C;
			productRefGroup = 6B5C7F6521477BFB00386D2C /* Products */;
			projectDirPath = "";
			projectRoot = "";
			targets = (
				6B5C7F6321477BFB00386D2C /* Apzumi */,
			);
		};
/* End PBXProject section */

/* Begin PBXResourcesBuildPhase section */
		6B5C7F6221477BFB00386D2C /* Resources */ = {
			isa = PBXResourcesBuildPhase;
			buildActionMask = 2147483647;
			files = (
				6B5C7F7221477BFC00386D2C /* LaunchScreen.storyboard in Resources */,
				6BFCC4102147E52200B11FD0 /* Colours.xcassets in Resources */,
				6B5C7F6F21477BFC00386D2C /* Assets.xcassets in Resources */,
				6B5C7F6D21477BFB00386D2C /* Main.storyboard in Resources */,
				6BFCC4022147BD1F00B11FD0 /* RepoTableViewCell.xib in Resources */,
			);
			runOnlyForDeploymentPostprocessing = 0;
		};
/* End PBXResourcesBuildPhase section */

/* Begin PBXShellScriptBuildPhase section */
		A0849E7F620F8B734B00C266 /* [CP] Embed Pods Frameworks */ = {
			isa = PBXShellScriptBuildPhase;
			buildActionMask = 2147483647;
			files = (
			);
			inputPaths = (
				"${SRCROOT}/Pods/Target Support Files/Pods-Apzumi/Pods-Apzumi-frameworks.sh",
				"${BUILT_PRODUCTS_DIR}/Alamofire/Alamofire.framework",
				"${BUILT_PRODUCTS_DIR}/ReachabilitySwift/Reachability.framework",
			);
			name = "[CP] Embed Pods Frameworks";
			outputPaths = (
				"${TARGET_BUILD_DIR}/${FRAMEWORKS_FOLDER_PATH}/Alamofire.framework",
				"${TARGET_BUILD_DIR}/${FRAMEWORKS_FOLDER_PATH}/Reachability.framework",
			);
			runOnlyForDeploymentPostprocessing = 0;
			shellPath = /bin/sh;
			shellScript = "\"${SRCROOT}/Pods/Target Support Files/Pods-Apzumi/Pods-Apzumi-frameworks.sh\"\n";
			showEnvVarsInLog = 0;
		};
		CD0219A49DABF78D5C8E1326 /* [CP] Check Pods Manifest.lock */ = {
			isa = PBXShellScriptBuildPhase;
			buildActionMask = 2147483647;
			files = (
			);
			inputPaths = (
				"${PODS_PODFILE_DIR_PATH}/Podfile.lock",
				"${PODS_ROOT}/Manifest.lock",
			);
			name = "[CP] Check Pods Manifest.lock";
			outputPaths = (
				"$(DERIVED_FILE_DIR)/Pods-Apzumi-checkManifestLockResult.txt",
			);
			runOnlyForDeploymentPostprocessing = 0;
			shellPath = /bin/sh;
			shellScript = "diff \"${PODS_PODFILE_DIR_PATH}/Podfile.lock\" \"${PODS_ROOT}/Manifest.lock\" > /dev/null\nif [ $? != 0 ] ; then\n    # print error to STDERR\n    echo \"error: The sandbox is not in sync with the Podfile.lock. Run 'pod install' or update your CocoaPods installation.\" >&2\n    exit 1\nfi\n# This output is used by Xcode 'outputs' to avoid re-running this script phase.\necho \"SUCCESS\" > \"${SCRIPT_OUTPUT_FILE_0}\"\n";
			showEnvVarsInLog = 0;
		};
/* End PBXShellScriptBuildPhase section */

/* Begin PBXSourcesBuildPhase section */
		6B5C7F6021477BFB00386D2C /* Sources */ = {
			isa = PBXSourcesBuildPhase;
			buildActionMask = 2147483647;
			files = (
				6BFCC4082147C7C200B11FD0 /* RepoViewModel.swift in Sources */,
				6B5C7F6821477BFB00386D2C /* AppDelegate.swift in Sources */,
				6BFCC3FE2147AFC500B11FD0 /* APIService.swift in Sources */,
				6BFCC40E2147D60100B11FD0 /* DataService.swift in Sources */,
				6BFCC3FA2147AC9A00B11FD0 /* GithubRepoOwner.swift in Sources */,
				6BFCC4012147BD1F00B11FD0 /* RepoTableViewCell.swift in Sources */,
				6BFCC3F62147A8FD00B11FD0 /* ListViewController.swift in Sources */,
				6BFCC4062147C47700B11FD0 /* UIView+extensions.swift in Sources */,
				6BFCC40A2147D45900B11FD0 /* Repository.swift in Sources */,
				6BFCC3F82147A98400B11FD0 /* DetailsViewController.swift in Sources */,
				6BFCC3FC2147AE2500B11FD0 /* GithubRepository.swift in Sources */,
				6BFCC40C2147D4E400B11FD0 /* Enums.swift in Sources */,
			);
			runOnlyForDeploymentPostprocessing = 0;
		};
/* End PBXSourcesBuildPhase section */

/* Begin PBXVariantGroup section */
		6B5C7F6B21477BFB00386D2C /* Main.storyboard */ = {
			isa = PBXVariantGroup;
			children = (
				6B5C7F6C21477BFB00386D2C /* Base */,
			);
			name = Main.storyboard;
			sourceTree = "<group>";
		};
		6B5C7F7021477BFC00386D2C /* LaunchScreen.storyboard */ = {
			isa = PBXVariantGroup;
			children = (
				6B5C7F7121477BFC00386D2C /* Base */,
			);
			name = LaunchScreen.storyboard;
			sourceTree = "<group>";
		};
/* End PBXVariantGroup section */

/* Begin XCBuildConfiguration section */
		6B5C7F7421477BFC00386D2C /* Debug */ = {
			isa = XCBuildConfiguration;
			buildSettings = {
				ALWAYS_SEARCH_USER_PATHS = NO;
				CLANG_ANALYZER_NONNULL = YES;
				CLANG_ANALYZER_NUMBER_OBJECT_CONVERSION = YES_AGGRESSIVE;
				CLANG_CXX_LANGUAGE_STANDARD = "gnu++14";
				CLANG_CXX_LIBRARY = "libc++";
				CLANG_ENABLE_MODULES = YES;
				CLANG_ENABLE_OBJC_ARC = YES;
				CLANG_ENABLE_OBJC_WEAK = YES;
				CLANG_WARN_BLOCK_CAPTURE_AUTORELEASING = YES;
				CLANG_WARN_BOOL_CONVERSION = YES;
				CLANG_WARN_COMMA = YES;
				CLANG_WARN_CONSTANT_CONVERSION = YES;
				CLANG_WARN_DEPRECATED_OBJC_IMPLEMENTATIONS = YES;
				CLANG_WARN_DIRECT_OBJC_ISA_USAGE = YES_ERROR;
				CLANG_WARN_DOCUMENTATION_COMMENTS = YES;
				CLANG_WARN_EMPTY_BODY = YES;
				CLANG_WARN_ENUM_CONVERSION = YES;
				CLANG_WARN_INFINITE_RECURSION = YES;
				CLANG_WARN_INT_CONVERSION = YES;
				CLANG_WARN_NON_LITERAL_NULL_CONVERSION = YES;
				CLANG_WARN_OBJC_IMPLICIT_RETAIN_SELF = YES;
				CLANG_WARN_OBJC_LITERAL_CONVERSION = YES;
				CLANG_WARN_OBJC_ROOT_CLASS = YES_ERROR;
				CLANG_WARN_RANGE_LOOP_ANALYSIS = YES;
				CLANG_WARN_STRICT_PROTOTYPES = YES;
				CLANG_WARN_SUSPICIOUS_MOVE = YES;
				CLANG_WARN_UNGUARDED_AVAILABILITY = YES_AGGRESSIVE;
				CLANG_WARN_UNREACHABLE_CODE = YES;
				CLANG_WARN__DUPLICATE_METHOD_MATCH = YES;
				CODE_SIGN_IDENTITY = "iPhone Developer";
				COPY_PHASE_STRIP = NO;
				DEBUG_INFORMATION_FORMAT = dwarf;
				ENABLE_STRICT_OBJC_MSGSEND = YES;
				ENABLE_TESTABILITY = YES;
				GCC_C_LANGUAGE_STANDARD = gnu11;
				GCC_DYNAMIC_NO_PIC = NO;
				GCC_NO_COMMON_BLOCKS = YES;
				GCC_OPTIMIZATION_LEVEL = 0;
				GCC_PREPROCESSOR_DEFINITIONS = (
					"DEBUG=1",
					"$(inherited)",
				);
				GCC_WARN_64_TO_32_BIT_CONVERSION = YES;
				GCC_WARN_ABOUT_RETURN_TYPE = YES_ERROR;
				GCC_WARN_UNDECLARED_SELECTOR = YES;
				GCC_WARN_UNINITIALIZED_AUTOS = YES_AGGRESSIVE;
				GCC_WARN_UNUSED_FUNCTION = YES;
				GCC_WARN_UNUSED_VARIABLE = YES;
				IPHONEOS_DEPLOYMENT_TARGET = 11.4;
				MTL_ENABLE_DEBUG_INFO = YES;
				ONLY_ACTIVE_ARCH = YES;
				SDKROOT = iphoneos;
				SWIFT_ACTIVE_COMPILATION_CONDITIONS = DEBUG;
				SWIFT_OPTIMIZATION_LEVEL = "-Onone";
			};
			name = Debug;
		};
		6B5C7F7521477BFC00386D2C /* Release */ = {
			isa = XCBuildConfiguration;
			buildSettings = {
				ALWAYS_SEARCH_USER_PATHS = NO;
				CLANG_ANALYZER_NONNULL = YES;
				CLANG_ANALYZER_NUMBER_OBJECT_CONVERSION = YES_AGGRESSIVE;
				CLANG_CXX_LANGUAGE_STANDARD = "gnu++14";
				CLANG_CXX_LIBRARY = "libc++";
				CLANG_ENABLE_MODULES = YES;
				CLANG_ENABLE_OBJC_ARC = YES;
				CLANG_ENABLE_OBJC_WEAK = YES;
				CLANG_WARN_BLOCK_CAPTURE_AUTORELEASING = YES;
				CLANG_WARN_BOOL_CONVERSION = YES;
				CLANG_WARN_COMMA = YES;
				CLANG_WARN_CONSTANT_CONVERSION = YES;
				CLANG_WARN_DEPRECATED_OBJC_IMPLEMENTATIONS = YES;
				CLANG_WARN_DIRECT_OBJC_ISA_USAGE = YES_ERROR;
				CLANG_WARN_DOCUMENTATION_COMMENTS = YES;
				CLANG_WARN_EMPTY_BODY = YES;
				CLANG_WARN_ENUM_CONVERSION = YES;
				CLANG_WARN_INFINITE_RECURSION = YES;
				CLANG_WARN_INT_CONVERSION = YES;
				CLANG_WARN_NON_LITERAL_NULL_CONVERSION = YES;
				CLANG_WARN_OBJC_IMPLICIT_RETAIN_SELF = YES;
				CLANG_WARN_OBJC_LITERAL_CONVERSION = YES;
				CLANG_WARN_OBJC_ROOT_CLASS = YES_ERROR;
				CLANG_WARN_RANGE_LOOP_ANALYSIS = YES;
				CLANG_WARN_STRICT_PROTOTYPES = YES;
				CLANG_WARN_SUSPICIOUS_MOVE = YES;
				CLANG_WARN_UNGUARDED_AVAILABILITY = YES_AGGRESSIVE;
				CLANG_WARN_UNREACHABLE_CODE = YES;
				CLANG_WARN__DUPLICATE_METHOD_MATCH = YES;
				CODE_SIGN_IDENTITY = "iPhone Developer";
				COPY_PHASE_STRIP = NO;
				DEBUG_INFORMATION_FORMAT = "dwarf-with-dsym";
				ENABLE_NS_ASSERTIONS = NO;
				ENABLE_STRICT_OBJC_MSGSEND = YES;
				GCC_C_LANGUAGE_STANDARD = gnu11;
				GCC_NO_COMMON_BLOCKS = YES;
				GCC_WARN_64_TO_32_BIT_CONVERSION = YES;
				GCC_WARN_ABOUT_RETURN_TYPE = YES_ERROR;
				GCC_WARN_UNDECLARED_SELECTOR = YES;
				GCC_WARN_UNINITIALIZED_AUTOS = YES_AGGRESSIVE;
				GCC_WARN_UNUSED_FUNCTION = YES;
				GCC_WARN_UNUSED_VARIABLE = YES;
				IPHONEOS_DEPLOYMENT_TARGET = 11.4;
				MTL_ENABLE_DEBUG_INFO = NO;
				SDKROOT = iphoneos;
				SWIFT_COMPILATION_MODE = wholemodule;
				SWIFT_OPTIMIZATION_LEVEL = "-O";
				VALIDATE_PRODUCT = YES;
			};
			name = Release;
		};
		6B5C7F7721477BFC00386D2C /* Debug */ = {
			isa = XCBuildConfiguration;
			baseConfigurationReference = D58CB075B0DC419A4A2E47B9 /* Pods-Apzumi.debug.xcconfig */;
			buildSettings = {
				ASSETCATALOG_COMPILER_APPICON_NAME = AppIcon;
				CODE_SIGN_STYLE = Automatic;
				DEVELOPMENT_TEAM = 2UGBQYC9Y9;
				INFOPLIST_FILE = Apzumi/Info.plist;
				LD_RUNPATH_SEARCH_PATHS = (
					"$(inherited)",
					"@executable_path/Frameworks",
				);
				PRODUCT_BUNDLE_IDENTIFIER = kl.24abc.pl.Apzumi;
				PRODUCT_NAME = "$(TARGET_NAME)";
				SWIFT_VERSION = 4.0;
				TARGETED_DEVICE_FAMILY = "1,2";
			};
			name = Debug;
		};
		6B5C7F7821477BFC00386D2C /* Release */ = {
			isa = XCBuildConfiguration;
			baseConfigurationReference = 1A7656395C21E2F35AFE7D01 /* Pods-Apzumi.release.xcconfig */;
			buildSettings = {
				ASSETCATALOG_COMPILER_APPICON_NAME = AppIcon;
				CODE_SIGN_STYLE = Automatic;
				DEVELOPMENT_TEAM = 2UGBQYC9Y9;
				INFOPLIST_FILE = Apzumi/Info.plist;
				LD_RUNPATH_SEARCH_PATHS = (
					"$(inherited)",
					"@executable_path/Frameworks",
				);
				PRODUCT_BUNDLE_IDENTIFIER = kl.24abc.pl.Apzumi;
				PRODUCT_NAME = "$(TARGET_NAME)";
				SWIFT_VERSION = 4.0;
				TARGETED_DEVICE_FAMILY = "1,2";
			};
			name = Release;
		};
/* End XCBuildConfiguration section */

/* Begin XCConfigurationList section */
		6B5C7F5F21477BFB00386D2C /* Build configuration list for PBXProject "Apzumi" */ = {
			isa = XCConfigurationList;
			buildConfigurations = (
				6B5C7F7421477BFC00386D2C /* Debug */,
				6B5C7F7521477BFC00386D2C /* Release */,
			);
			defaultConfigurationIsVisible = 0;
			defaultConfigurationName = Release;
		};
		6B5C7F7621477BFC00386D2C /* Build configuration list for PBXNativeTarget "Apzumi" */ = {
			isa = XCConfigurationList;
			buildConfigurations = (
				6B5C7F7721477BFC00386D2C /* Debug */,
				6B5C7F7821477BFC00386D2C /* Release */,
			);
			defaultConfigurationIsVisible = 0;
			defaultConfigurationName = Release;
		};
/* End XCConfigurationList section */
	};
	rootObject = 6B5C7F5C21477BFB00386D2C /* Project object */;
}
